
Microsoft Visual Studio Solution File, Format Version 12.00
# Visual Studio Version 17
VisualStudioVersion = 17.6.33801.468
MinimumVisualStudioVersion = 10.0.40219.1
Project("{FAE04EC0-301F-11D3-BF4B-00C04F79EFBC}") = "Задание 2 net Core 6", "Задание 2 net Core 6.csproj", "{18579460-24A0-4302-B90A-EC2FE2CF452D}"
EndProject
Global
	GlobalSection(SolutionConfigurationPlatforms) = preSolution
		Debug|Any CPU = Debug|Any CPU
		Release|Any CPU = Release|Any CPU
	EndGlobalSection
	GlobalSection(ProjectConfigurationPlatforms) = postSolution
		{18579460-24A0-4302-B90A-EC2FE2CF452D}.Debug|Any CPU.ActiveCfg = Debug|Any CPU
		{18579460-24A0-4302-B90A-EC2FE2CF452D}.Debug|Any CPU.Build.0 = Debug|Any CPU
		{18579460-24A0-4302-B90A-EC2FE2CF452D}.Release|Any CPU.ActiveCfg = Release|Any CPU
		{18579460-24A0-4302-B90A-EC2FE2CF452D}.Release|Any CPU.Build.0 = Release|Any CPU
	EndGlobalSection
	GlobalSection(SolutionProperties) = preSolution
		HideSolutionNode = FALSE
	EndGlobalSection
	GlobalSection(ExtensibilityGlobals) = postSolution
		SolutionGuid = {C73B9963-ADC9-4F3D-B892-3975264D0C9B}
	EndGlobalSection
EndGlobal
